<?xml version="1.0" encoding="utf-8"?>
<Project ToolsVersion="4.0" xmlns="http://schemas.microsoft.com/developer/msbuild/2003">
  <ItemGroup>
    <Filter Include="definition">
      <UniqueIdentifier>{8daa873b-3404-4e09-9d90-0f2afbd72507}</UniqueIdentifier>
    </Filter>
    <Filter Include="init">
      <UniqueIdentifier>{0142a04d-4f91-4d9d-9f19-816c4fc12b29}</UniqueIdentifier>
    </Filter>
    <Filter Include="jsonMsgProcess">
      <UniqueIdentifier>{3c06c594-4f82-41ae-9c4f-2319ff616d90}</UniqueIdentifier>
    </Filter>
    <Filter Include="include">
      <UniqueIdentifier>{09b66715-ae32-4bce-8690-36cd69aa5fd7}</UniqueIdentifier>
    </Filter>
    <Filter Include="main">
      <UniqueIdentifier>{5ff25df0-6502-4c47-8e4f-33ea8ad47c6c}</UniqueIdentifier>
    </Filter>
    <Filter Include="room">
      <UniqueIdentifier>{bdcb2202-fadd-47fe-b30f-840dc9ab290a}</UniqueIdentifier>
    </Filter>
    <Filter Include="manager">
      <UniqueIdentifier>{9a78402a-f9f8-43d3-9217-5e485bd1e6e0}</UniqueIdentifier>
    </Filter>
    <Filter Include="user">
      <UniqueIdentifier>{cfddabf8-7995-44c3-bd11-1adb39bcc211}</UniqueIdentifier>
    </Filter>
    <Filter Include="network">
      <UniqueIdentifier>{bca54eb9-505f-4d17-a7d1-79fa802cb040}</UniqueIdentifier>
    </Filter>
    <Filter Include="socketFunction">
      <UniqueIdentifier>{9764b202-d645-48f2-8349-ef5a99a34030}</UniqueIdentifier>
    </Filter>
    <Filter Include="room\privateRoom">
      <UniqueIdentifier>{03380f37-ffef-47d9-afee-5f732843028c}</UniqueIdentifier>
    </Filter>
    <Filter Include="room\groupRoom">
      <UniqueIdentifier>{61725d64-f627-4e8a-aa7d-8c6b6cda523d}</UniqueIdentifier>
    </Filter>
    <Filter Include="room\baseRoom">
      <UniqueIdentifier>{c801d871-7b22-4eb6-99a5-d13a71d8224e}</UniqueIdentifier>
    </Filter>
  </ItemGroup>
  <ItemGroup>
    <ClCompile Include="friendRoomVerification.cpp">
      <Filter>room\privateRoom</Filter>
    </ClCompile>
    <ClCompile Include="init.cpp">
      <Filter>init</Filter>
    </ClCompile>
    <ClCompile Include="JsonMsgProcess.cpp">
      <Filter>jsonMsgProcess</Filter>
    </ClCompile>
    <ClCompile Include="include\Ini.cpp">
      <Filter>include</Filter>
    </ClCompile>
    <ClCompile Include="include\Json.cpp">
      <Filter>include</Filter>
    </ClCompile>
    <ClCompile Include="main.cpp">
      <Filter>main</Filter>
    </ClCompile>
    <ClCompile Include="manager.cpp">
      <Filter>manager</Filter>
    </ClCompile>
    <ClCompile Include="user.cpp">
      <Filter>user</Filter>
    </ClCompile>
    <ClCompile Include="network.cpp">
      <Filter>network</Filter>
    </ClCompile>
    <ClCompile Include="socketFunctions.cpp">
      <Filter>socketFunction</Filter>
    </ClCompile>
    <ClCompile Include="groupRoom.cpp">
      <Filter>room\groupRoom</Filter>
    </ClCompile>
    <ClCompile Include="privateRoom.cpp">
      <Filter>room\privateRoom</Filter>
    </ClCompile>
    <ClCompile Include="room.cpp">
      <Filter>room\baseRoom</Filter>
    </ClCompile>
    <ClCompile Include="groupRoomVerification.cpp">
      <Filter>room\groupRoom</Filter>
    </ClCompile>
  </ItemGroup>
  <ItemGroup>
    <ClInclude Include="definition.hpp">
      <Filter>definition</Filter>
    </ClInclude>
    <ClInclude Include="friendRoomVerification.h">
      <Filter>room\privateRoom</Filter>
    </ClInclude>
    <ClInclude Include="init.h">
      <Filter>init</Filter>
    </ClInclude>
    <ClInclude Include="JsonMsgProcess.h">
      <Filter>jsonMsgProcess</Filter>
    </ClInclude>
    <ClInclude Include="manager.h">
      <Filter>manager</Filter>
    </ClInclude>
    <ClInclude Include="user.h">
      <Filter>user</Filter>
    </ClInclude>
    <ClInclude Include="network.h">
      <Filter>network</Filter>
    </ClInclude>
    <ClInclude Include="socketFunctions.h">
      <Filter>socketFunction</Filter>
    </ClInclude>
    <ClInclude Include="websiteFunctions.hpp">
      <Filter>include</Filter>
    </ClInclude>
    <ClInclude Include="SQLProcess.hpp">
      <Filter>include</Filter>
    </ClInclude>
    <ClInclude Include="groupRoom.h">
      <Filter>room\groupRoom</Filter>
    </ClInclude>
    <ClInclude Include="privateRoom.h">
      <Filter>room\privateRoom</Filter>
    </ClInclude>
    <ClInclude Include="room.h">
      <Filter>room\baseRoom</Filter>
    </ClInclude>
    <ClInclude Include="groupRoomVerification.h">
      <Filter>room\groupRoom</Filter>
    </ClInclude>
  </ItemGroup>
</Project>